// !$*UTF8*$!
{
	archiveVersion = 1;
	classes = {
	};
	objectVersion = 46;
	objects = {

/* Begin PBXBuildFile section */
		F08F1AB01EE98AAD00E2F480 /* main.m in Sources */ = {isa = PBXBuildFile; fileRef = F08F1AAF1EE98AAD00E2F480 /* main.m */; };
		F08F1AB31EE98AAD00E2F480 /* AppDelegate.m in Sources */ = {isa = PBXBuildFile; fileRef = F08F1AB21EE98AAD00E2F480 /* AppDelegate.m */; };
		F08F1AB61EE98AAD00E2F480 /* ViewController.m in Sources */ = {isa = PBXBuildFile; fileRef = F08F1AB51EE98AAD00E2F480 /* ViewController.m */; };
		F08F1AB91EE98AAD00E2F480 /* Main.storyboard in Resources */ = {isa = PBXBuildFile; fileRef = F08F1AB71EE98AAD00E2F480 /* Main.storyboard */; };
		F08F1ABB1EE98AAD00E2F480 /* Assets.xcassets in Resources */ = {isa = PBXBuildFile; fileRef = F08F1ABA1EE98AAD00E2F480 /* Assets.xcassets */; };
		F08F1ABE1EE98AAD00E2F480 /* LaunchScreen.storyboard in Resources */ = {isa = PBXBuildFile; fileRef = F08F1ABC1EE98AAD00E2F480 /* LaunchScreen.storyboard */; };
		F08F1AC71EE98C1800E2F480 /* TPNavBarParallaxViewController.m in Sources */ = {isa = PBXBuildFile; fileRef = F08F1AC61EE98C1800E2F480 /* TPNavBarParallaxViewController.m */; };
		F08F1ACA1EE98C7300E2F480 /* UIApplication+TPTopViewController.m in Sources */ = {isa = PBXBuildFile; fileRef = F08F1AC91EE98C7300E2F480 /* UIApplication+TPTopViewController.m */; };
		F08F1ACD1EE98CBD00E2F480 /* TPFacade.m in Sources */ = {isa = PBXBuildFile; fileRef = F08F1ACC1EE98CBD00E2F480 /* TPFacade.m */; };
		F08F1AD01EE98DA900E2F480 /* UIViewController+TPCustomNavBarTransition.m in Sources */ = {isa = PBXBuildFile; fileRef = F08F1ACF1EE98DA900E2F480 /* UIViewController+TPCustomNavBarTransition.m */; };
		F08F1AD61EE992C700E2F480 /* UIImage+YYAdd.m in Sources */ = {isa = PBXBuildFile; fileRef = F08F1AD51EE992C700E2F480 /* UIImage+YYAdd.m */; };
		F08F1AD91EE993D500E2F480 /* TPTestViewController.m in Sources */ = {isa = PBXBuildFile; fileRef = F08F1AD81EE993D500E2F480 /* TPTestViewController.m */; };
		F08F1ADC1EE9A20A00E2F480 /* TPQMUIConfig.m in Sources */ = {isa = PBXBuildFile; fileRef = F08F1ADB1EE9A20A00E2F480 /* TPQMUIConfig.m */; };
		F20B4C762B9B919E087376FD /* libPods-TPNavBarParallaxViewController.a in Frameworks */ = {isa = PBXBuildFile; fileRef = 2030E4F61D060E119F6CE9AA /* libPods-TPNavBarParallaxViewController.a */; };
/* End PBXBuildFile section */

/* Begin PBXFileReference section */
		2030E4F61D060E119F6CE9AA /* libPods-TPNavBarParallaxViewController.a */ = {isa = PBXFileReference; explicitFileType = archive.ar; includeInIndex = 0; path = "libPods-TPNavBarParallaxViewController.a"; sourceTree = BUILT_PRODUCTS_DIR; };
		5E4DF61BEF0D5F6758FDB9C3 /* Pods-TPNavBarParallaxViewController.release.xcconfig */ = {isa = PBXFileReference; includeInIndex = 1; lastKnownFileType = text.xcconfig; name = "Pods-TPNavBarParallaxViewController.release.xcconfig"; path = "Pods/Target Support Files/Pods-TPNavBarParallaxViewController/Pods-TPNavBarParallaxViewController.release.xcconfig"; sourceTree = "<group>"; };
		80AFB20A3A690B87B9397ECD /* Pods-TPNavBarParallaxViewController.debug.xcconfig */ = {isa = PBXFileReference; includeInIndex = 1; lastKnownFileType = text.xcconfig; name = "Pods-TPNavBarParallaxViewController.debug.xcconfig"; path = "Pods/Target Support Files/Pods-TPNavBarParallaxViewController/Pods-TPNavBarParallaxViewController.debug.xcconfig"; sourceTree = "<group>"; };
		F08F1AAB1EE98AAD00E2F480 /* TPNavBarParallaxViewController.app */ = {isa = PBXFileReference; explicitFileType = wrapper.application; includeInIndex = 0; path = TPNavBarParallaxViewController.app; sourceTree = BUILT_PRODUCTS_DIR; };
		F08F1AAF1EE98AAD00E2F480 /* main.m */ = {isa = PBXFileReference; lastKnownFileType = sourcecode.c.objc; path = main.m; sourceTree = "<group>"; };
		F08F1AB11EE98AAD00E2F480 /* AppDelegate.h */ = {isa = PBXFileReference; lastKnownFileType = sourcecode.c.h; path = AppDelegate.h; sourceTree = "<group>"; };
		F08F1AB21EE98AAD00E2F480 /* AppDelegate.m */ = {isa = PBXFileReference; lastKnownFileType = sourcecode.c.objc; path = AppDelegate.m; sourceTree = "<group>"; };
		F08F1AB41EE98AAD00E2F480 /* ViewController.h */ = {isa = PBXFileReference; lastKnownFileType = sourcecode.c.h; path = ViewController.h; sourceTree = "<group>"; };
		F08F1AB51EE98AAD00E2F480 /* ViewController.m */ = {isa = PBXFileReference; lastKnownFileType = sourcecode.c.objc; path = ViewController.m; sourceTree = "<group>"; };
		F08F1AB81EE98AAD00E2F480 /* Base */ = {isa = PBXFileReference; lastKnownFileType = file.storyboard; name = Base; path = Base.lproj/Main.storyboard; sourceTree = "<group>"; };
		F08F1ABA1EE98AAD00E2F480 /* Assets.xcassets */ = {isa = PBXFileReference; lastKnownFileType = folder.assetcatalog; path = Assets.xcassets; sourceTree = "<group>"; };
		F08F1ABD1EE98AAD00E2F480 /* Base */ = {isa = PBXFileReference; lastKnownFileType = file.storyboard; name = Base; path = Base.lproj/LaunchScreen.storyboard; sourceTree = "<group>"; };
		F08F1ABF1EE98AAD00E2F480 /* Info.plist */ = {isa = PBXFileReference; lastKnownFileType = text.plist.xml; path = Info.plist; sourceTree = "<group>"; };
		F08F1AC51EE98C1800E2F480 /* TPNavBarParallaxViewController.h */ = {isa = PBXFileReference; fileEncoding = 4; lastKnownFileType = sourcecode.c.h; path = TPNavBarParallaxViewController.h; sourceTree = "<group>"; };
		F08F1AC61EE98C1800E2F480 /* TPNavBarParallaxViewController.m */ = {isa = PBXFileReference; fileEncoding = 4; lastKnownFileType = sourcecode.c.objc; path = TPNavBarParallaxViewController.m; sourceTree = "<group>"; };
		F08F1AC81EE98C7300E2F480 /* UIApplication+TPTopViewController.h */ = {isa = PBXFileReference; fileEncoding = 4; lastKnownFileType = sourcecode.c.h; path = "UIApplication+TPTopViewController.h"; sourceTree = "<group>"; };
		F08F1AC91EE98C7300E2F480 /* UIApplication+TPTopViewController.m */ = {isa = PBXFileReference; fileEncoding = 4; lastKnownFileType = sourcecode.c.objc; path = "UIApplication+TPTopViewController.m"; sourceTree = "<group>"; };
		F08F1ACB1EE98CBD00E2F480 /* TPFacade.h */ = {isa = PBXFileReference; fileEncoding = 4; lastKnownFileType = sourcecode.c.h; path = TPFacade.h; sourceTree = "<group>"; };
		F08F1ACC1EE98CBD00E2F480 /* TPFacade.m */ = {isa = PBXFileReference; fileEncoding = 4; lastKnownFileType = sourcecode.c.objc; path = TPFacade.m; sourceTree = "<group>"; };
		F08F1ACE1EE98DA900E2F480 /* UIViewController+TPCustomNavBarTransition.h */ = {isa = PBXFileReference; fileEncoding = 4; lastKnownFileType = sourcecode.c.h; path = "UIViewController+TPCustomNavBarTransition.h"; sourceTree = "<group>"; };
		F08F1ACF1EE98DA900E2F480 /* UIViewController+TPCustomNavBarTransition.m */ = {isa = PBXFileReference; fileEncoding = 4; lastKnownFileType = sourcecode.c.objc; path = "UIViewController+TPCustomNavBarTransition.m"; sourceTree = "<group>"; };
		F08F1AD41EE992C700E2F480 /* UIImage+YYAdd.h */ = {isa = PBXFileReference; fileEncoding = 4; lastKnownFileType = sourcecode.c.h; path = "UIImage+YYAdd.h"; sourceTree = "<group>"; };
		F08F1AD51EE992C700E2F480 /* UIImage+YYAdd.m */ = {isa = PBXFileReference; fileEncoding = 4; lastKnownFileType = sourcecode.c.objc; path = "UIImage+YYAdd.m"; sourceTree = "<group>"; };
		F08F1AD71EE993D500E2F480 /* TPTestViewController.h */ = {isa = PBXFileReference; fileEncoding = 4; lastKnownFileType = sourcecode.c.h; path = TPTestViewController.h; sourceTree = "<group>"; };
		F08F1AD81EE993D500E2F480 /* TPTestViewController.m */ = {isa = PBXFileReference; fileEncoding = 4; lastKnownFileType = sourcecode.c.objc; path = TPTestViewController.m; sourceTree = "<group>"; };
		F08F1ADA1EE9A20A00E2F480 /* TPQMUIConfig.h */ = {isa = PBXFileReference; fileEncoding = 4; lastKnownFileType = sourcecode.c.h; path = TPQMUIConfig.h; sourceTree = "<group>"; };
		F08F1ADB1EE9A20A00E2F480 /* TPQMUIConfig.m */ = {isa = PBXFileReference; fileEncoding = 4; lastKnownFileType = sourcecode.c.objc; path = TPQMUIConfig.m; sourceTree = "<group>"; };
/* End PBXFileReference section */

/* Begin PBXFrameworksBuildPhase section */
		F08F1AA81EE98AAD00E2F480 /* Frameworks */ = {
			isa = PBXFrameworksBuildPhase;
			buildActionMask = 2147483647;
			files = (
				F20B4C762B9B919E087376FD /* libPods-TPNavBarParallaxViewController.a in Frameworks */,
			);
			runOnlyForDeploymentPostprocessing = 0;
		};
/* End PBXFrameworksBuildPhase section */

/* Begin PBXGroup section */
		3555AE723D077C1833601D08 /* Frameworks */ = {
			isa = PBXGroup;
			children = (
				2030E4F61D060E119F6CE9AA /* libPods-TPNavBarParallaxViewController.a */,
			);
			name = Frameworks;
			sourceTree = "<group>";
		};
		7D7EA6A820DC63E034C5C532 /* Pods */ = {
			isa = PBXGroup;
			children = (
				80AFB20A3A690B87B9397ECD /* Pods-TPNavBarParallaxViewController.debug.xcconfig */,
				5E4DF61BEF0D5F6758FDB9C3 /* Pods-TPNavBarParallaxViewController.release.xcconfig */,
			);
			name = Pods;
			sourceTree = "<group>";
		};
		F08F1AA21EE98AAD00E2F480 = {
			isa = PBXGroup;
			children = (
				F08F1AAD1EE98AAD00E2F480 /* TPNavBarParallaxViewController */,
				F08F1AAC1EE98AAD00E2F480 /* Products */,
				7D7EA6A820DC63E034C5C532 /* Pods */,
				3555AE723D077C1833601D08 /* Frameworks */,
			);
			sourceTree = "<group>";
		};
		F08F1AAC1EE98AAD00E2F480 /* Products */ = {
			isa = PBXGroup;
			children = (
				F08F1AAB1EE98AAD00E2F480 /* TPNavBarParallaxViewController.app */,
			);
			name = Products;
			sourceTree = "<group>";
		};
		F08F1AAD1EE98AAD00E2F480 /* TPNavBarParallaxViewController */ = {
			isa = PBXGroup;
			children = (
				F08F1ACB1EE98CBD00E2F480 /* TPFacade.h */,
				F08F1ACC1EE98CBD00E2F480 /* TPFacade.m */,
				F08F1AC81EE98C7300E2F480 /* UIApplication+TPTopViewController.h */,
				F08F1AC91EE98C7300E2F480 /* UIApplication+TPTopViewController.m */,
				F08F1ACE1EE98DA900E2F480 /* UIViewController+TPCustomNavBarTransition.h */,
				F08F1ACF1EE98DA900E2F480 /* UIViewController+TPCustomNavBarTransition.m */,
				F08F1AC51EE98C1800E2F480 /* TPNavBarParallaxViewController.h */,
				F08F1AC61EE98C1800E2F480 /* TPNavBarParallaxViewController.m */,
				F08F1AD41EE992C700E2F480 /* UIImage+YYAdd.h */,
				F08F1AD51EE992C700E2F480 /* UIImage+YYAdd.m */,
				F08F1AB11EE98AAD00E2F480 /* AppDelegate.h */,
				F08F1AB21EE98AAD00E2F480 /* AppDelegate.m */,
				F08F1AB41EE98AAD00E2F480 /* ViewController.h */,
				F08F1AB51EE98AAD00E2F480 /* ViewController.m */,
				F08F1AD71EE993D500E2F480 /* TPTestViewController.h */,
				F08F1AD81EE993D500E2F480 /* TPTestViewController.m */,
				F08F1ADA1EE9A20A00E2F480 /* TPQMUIConfig.h */,
				F08F1ADB1EE9A20A00E2F480 /* TPQMUIConfig.m */,
				F08F1AB71EE98AAD00E2F480 /* Main.storyboard */,
				F08F1ABA1EE98AAD00E2F480 /* Assets.xcassets */,
				F08F1ABC1EE98AAD00E2F480 /* LaunchScreen.storyboard */,
				F08F1ABF1EE98AAD00E2F480 /* Info.plist */,
				F08F1AAE1EE98AAD00E2F480 /* Supporting Files */,
			);
			path = TPNavBarParallaxViewController;
			sourceTree = "<group>";
		};
		F08F1AAE1EE98AAD00E2F480 /* Supporting Files */ = {
			isa = PBXGroup;
			children = (
				F08F1AAF1EE98AAD00E2F480 /* main.m */,
			);
			name = "Supporting Files";
			sourceTree = "<group>";
		};
/* End PBXGroup section */

/* Begin PBXNativeTarget section */
		F08F1AAA1EE98AAD00E2F480 /* TPNavBarParallaxViewController */ = {
			isa = PBXNativeTarget;
			buildConfigurationList = F08F1AC21EE98AAD00E2F480 /* Build configuration list for PBXNativeTarget "TPNavBarParallaxViewController" */;
			buildPhases = (
				3DD44AFA320902900D1E0ECC /* [CP] Check Pods Manifest.lock */,
				F08F1AA71EE98AAD00E2F480 /* Sources */,
				F08F1AA81EE98AAD00E2F480 /* Frameworks */,
				F08F1AA91EE98AAD00E2F480 /* Resources */,
				43493208C7792531494C0DA3 /* [CP] Embed Pods Frameworks */,
				52A3C8D4FED064420E50DA3F /* [CP] Copy Pods Resources */,
			);
			buildRules = (
			);
			dependencies = (
			);
			name = TPNavBarParallaxViewController;
			productName = TPNavBarParallaxViewController;
			productReference = F08F1AAB1EE98AAD00E2F480 /* TPNavBarParallaxViewController.app */;
			productType = "com.apple.product-type.application";
		};
/* End PBXNativeTarget section */

/* Begin PBXProject section */
		F08F1AA31EE98AAD00E2F480 /* Project object */ = {
			isa = PBXProject;
			attributes = {
				LastUpgradeCheck = 0830;
				ORGANIZATIONNAME = Tpphha;
				TargetAttributes = {
					F08F1AAA1EE98AAD00E2F480 = {
						CreatedOnToolsVersion = 8.3.2;
						DevelopmentTeam = N9D9Y52FAG;
						ProvisioningStyle = Automatic;
					};
				};
			};
			buildConfigurationList = F08F1AA61EE98AAD00E2F480 /* Build configuration list for PBXProject "TPNavBarParallaxViewController" */;
			compatibilityVersion = "Xcode 3.2";
			developmentRegion = English;
			hasScannedForEncodings = 0;
			knownRegions = (
				en,
				Base,
			);
			mainGroup = F08F1AA21EE98AAD00E2F480;
			productRefGroup = F08F1AAC1EE98AAD00E2F480 /* Products */;
			projectDirPath = "";
			projectRoot = "";
			targets = (
				F08F1AAA1EE98AAD00E2F480 /* TPNavBarParallaxViewController */,
			);
		};
/* End PBXProject section */

/* Begin PBXResourcesBuildPhase section */
		F08F1AA91EE98AAD00E2F480 /* Resources */ = {
			isa = PBXResourcesBuildPhase;
			buildActionMask = 2147483647;
			files = (
				F08F1ABE1EE98AAD00E2F480 /* LaunchScreen.storyboard in Resources */,
				F08F1ABB1EE98AAD00E2F480 /* Assets.xcassets in Resources */,
				F08F1AB91EE98AAD00E2F480 /* Main.storyboard in Resources */,
			);
			runOnlyForDeploymentPostprocessing = 0;
		};
/* End PBXResourcesBuildPhase section */

/* Begin PBXShellScriptBuildPhase section */
		3DD44AFA320902900D1E0ECC /* [CP] Check Pods Manifest.lock */ = {
			isa = PBXShellScriptBuildPhase;
			buildActionMask = 2147483647;
			files = (
			);
			inputPaths = (
			);
			name = "[CP] Check Pods Manifest.lock";
			outputPaths = (
			);
			runOnlyForDeploymentPostprocessing = 0;
			shellPath = /bin/sh;
			shellScript = "diff \"${PODS_PODFILE_DIR_PATH}/Podfile.lock\" \"${PODS_ROOT}/Manifest.lock\" > /dev/null\nif [ $? != 0 ] ; then\n    # print error to STDERR\n    echo \"error: The sandbox is not in sync with the Podfile.lock. Run 'pod install' or update your CocoaPods installation.\" >&2\n    exit 1\nfi\n";
			showEnvVarsInLog = 0;
		};
		43493208C7792531494C0DA3 /* [CP] Embed Pods Frameworks */ = {
			isa = PBXShellScriptBuildPhase;
			buildActionMask = 2147483647;
			files = (
			);
			inputPaths = (
			);
			name = "[CP] Embed Pods Frameworks";
			outputPaths = (
			);
			runOnlyForDeploymentPostprocessing = 0;
			shellPath = /bin/sh;
			shellScript = "\"${SRCROOT}/Pods/Target Support Files/Pods-TPNavBarParallaxViewController/Pods-TPNavBarParallaxViewController-frameworks.sh\"\n";
			showEnvVarsInLog = 0;
		};
		52A3C8D4FED064420E50DA3F /* [CP] Copy Pods Resources */ = {
			isa = PBXShellScriptBuildPhase;
			buildActionMask = 2147483647;
			files = (
			);
			inputPaths = (
			);
			name = "[CP] Copy Pods Resources";
			outputPaths = (
			);
			runOnlyForDeploymentPostprocessing = 0;
			shellPath = /bin/sh;
			shellScript = "\"${SRCROOT}/Pods/Target Support Files/Pods-TPNavBarParallaxViewController/Pods-TPNavBarParallaxViewController-resources.sh\"\n";
			showEnvVarsInLog = 0;
		};
/* End PBXShellScriptBuildPhase section */

/* Begin PBXSourcesBuildPhase section */
		F08F1AA71EE98AAD00E2F480 /* Sources */ = {
			isa = PBXSourcesBuildPhase;
			buildActionMask = 2147483647;
			files = (
				F08F1AB61EE98AAD00E2F480 /* ViewController.m in Sources */,
				F08F1AD61EE992C700E2F480 /* UIImage+YYAdd.m in Sources */,
				F08F1ACD1EE98CBD00E2F480 /* TPFacade.m in Sources */,
				F08F1AB31EE98AAD00E2F480 /* AppDelegate.m in Sources */,
				F08F1AD01EE98DA900E2F480 /* UIViewController+TPCustomNavBarTransition.m in Sources */,
				F08F1AC71EE98C1800E2F480 /* TPNavBarParallaxViewController.m in Sources */,
				F08F1ACA1EE98C7300E2F480 /* UIApplication+TPTopViewController.m in Sources */,
				F08F1AB01EE98AAD00E2F480 /* main.m in Sources */,
				F08F1AD91EE993D500E2F480 /* TPTestViewController.m in Sources */,
				F08F1ADC1EE9A20A00E2F480 /* TPQMUIConfig.m in Sources */,
			);
			runOnlyForDeploymentPostprocessing = 0;
		};
/* End PBXSourcesBuildPhase section */

/* Begin PBXVariantGroup section */
		F08F1AB71EE98AAD00E2F480 /* Main.storyboard */ = {
			isa = PBXVariantGroup;
			children = (
				F08F1AB81EE98AAD00E2F480 /* Base */,
			);
			name = Main.storyboard;
			sourceTree = "<group>";
		};
		F08F1ABC1EE98AAD00E2F480 /* LaunchScreen.storyboard */ = {
			isa = PBXVariantGroup;
			children = (
				F08F1ABD1EE98AAD00E2F480 /* Base */,
			);
			name = LaunchScreen.storyboard;
			sourceTree = "<group>";
		};
/* End PBXVariantGroup section */

/* Begin XCBuildConfiguration section */
		F08F1AC01EE98AAD00E2F480 /* Debug */ = {
			isa = XCBuildConfiguration;
			buildSettings = {
				ALWAYS_SEARCH_USER_PATHS = NO;
				CLANG_ANALYZER_NONNULL = YES;
				CLANG_ANALYZER_NUMBER_OBJECT_CONVERSION = YES_AGGRESSIVE;
				CLANG_CXX_LANGUAGE_STANDARD = "gnu++0x";
				CLANG_CXX_LIBRARY = "libc++";
				CLANG_ENABLE_MODULES = YES;
				CLANG_ENABLE_OBJC_ARC = YES;
				CLANG_WARN_BOOL_CONVERSION = YES;
				CLANG_WARN_CONSTANT_CONVERSION = YES;
				CLANG_WARN_DIRECT_OBJC_ISA_USAGE = YES_ERROR;
				CLANG_WARN_DOCUMENTATION_COMMENTS = YES;
				CLANG_WARN_EMPTY_BODY = YES;
				CLANG_WARN_ENUM_CONVERSION = YES;
				CLANG_WARN_INFINITE_RECURSION = YES;
				CLANG_WARN_INT_CONVERSION = YES;
				CLANG_WARN_OBJC_ROOT_CLASS = YES_ERROR;
				CLANG_WARN_SUSPICIOUS_MOVE = YES;
				CLANG_WARN_UNREACHABLE_CODE = YES;
				CLANG_WARN__DUPLICATE_METHOD_MATCH = YES;
				"CODE_SIGN_IDENTITY[sdk=iphoneos*]" = "iPhone Developer";
				COPY_PHASE_STRIP = NO;
				DEBUG_INFORMATION_FORMAT = dwarf;
				ENABLE_STRICT_OBJC_MSGSEND = YES;
				ENABLE_TESTABILITY = YES;
				GCC_C_LANGUAGE_STANDARD = gnu99;
				GCC_DYNAMIC_NO_PIC = NO;
				GCC_NO_COMMON_BLOCKS = YES;
				GCC_OPTIMIZATION_LEVEL = 0;
				GCC_PREPROCESSOR_DEFINITIONS = (
					"DEBUG=1",
					"$(inherited)",
				);
				GCC_WARN_64_TO_32_BIT_CONVERSION = YES;
				GCC_WARN_ABOUT_RETURN_TYPE = YES_ERROR;
				GCC_WARN_UNDECLARED_SELECTOR = YES;
				GCC_WARN_UNINITIALIZED_AUTOS = YES_AGGRESSIVE;
				GCC_WARN_UNUSED_FUNCTION = YES;
				GCC_WARN_UNUSED_VARIABLE = YES;
				IPHONEOS_DEPLOYMENT_TARGET = 10.3;
				MTL_ENABLE_DEBUG_INFO = YES;
				ONLY_ACTIVE_ARCH = YES;
				SDKROOT = iphoneos;
				TARGETED_DEVICE_FAMILY = "1,2";
			};
			name = Debug;
		};
		F08F1AC11EE98AAD00E2F480 /* Release */ = {
			isa = XCBuildConfiguration;
			buildSettings = {
				ALWAYS_SEARCH_USER_PATHS = NO;
				CLANG_ANALYZER_NONNULL = YES;
				CLANG_ANALYZER_NUMBER_OBJECT_CONVERSION = YES_AGGRESSIVE;
				CLANG_CXX_LANGUAGE_STANDARD = "gnu++0x";
				CLANG_CXX_LIBRARY = "libc++";
				CLANG_ENABLE_MODULES = YES;
				CLANG_ENABLE_OBJC_ARC = YES;
				CLANG_WARN_BOOL_CONVERSION = YES;
				CLANG_WARN_CONSTANT_CONVERSION = YES;
				CLANG_WARN_DIRECT_OBJC_ISA_USAGE = YES_ERROR;
				CLANG_WARN_DOCUMENTATION_COMMENTS = YES;
				CLANG_WARN_EMPTY_BODY = YES;
				CLANG_WARN_ENUM_CONVERSION = YES;
				CLANG_WARN_INFINITE_RECURSION = YES;
				CLANG_WARN_INT_CONVERSION = YES;
				CLANG_WARN_OBJC_ROOT_CLASS = YES_ERROR;
				CLANG_WARN_SUSPICIOUS_MOVE = YES;
				CLANG_WARN_UNREACHABLE_CODE = YES;
				CLANG_WARN__DUPLICATE_METHOD_MATCH = YES;
				"CODE_SIGN_IDENTITY[sdk=iphoneos*]" = "iPhone Developer";
				COPY_PHASE_STRIP = NO;
				DEBUG_INFORMATION_FORMAT = "dwarf-with-dsym";
				ENABLE_NS_ASSERTIONS = NO;
				ENABLE_STRICT_OBJC_MSGSEND = YES;
				GCC_C_LANGUAGE_STANDARD = gnu99;
				GCC_NO_COMMON_BLOCKS = YES;
				GCC_WARN_64_TO_32_BIT_CONVERSION = YES;
				GCC_WARN_ABOUT_RETURN_TYPE = YES_ERROR;
				GCC_WARN_UNDECLARED_SELECTOR = YES;
				GCC_WARN_UNINITIALIZED_AUTOS = YES_AGGRESSIVE;
				GCC_WARN_UNUSED_FUNCTION = YES;
				GCC_WARN_UNUSED_VARIABLE = YES;
				IPHONEOS_DEPLOYMENT_TARGET = 10.3;
				MTL_ENABLE_DEBUG_INFO = NO;
				SDKROOT = iphoneos;
				TARGETED_DEVICE_FAMILY = "1,2";
				VALIDATE_PRODUCT = YES;
			};
			name = Release;
		};
		F08F1AC31EE98AAD00E2F480 /* Debug */ = {
			isa = XCBuildConfiguration;
			baseConfigurationReference = 80AFB20A3A690B87B9397ECD /* Pods-TPNavBarParallaxViewController.debug.xcconfig */;
			buildSettings = {
				ASSETCATALOG_COMPILER_APPICON_NAME = AppIcon;
				DEVELOPMENT_TEAM = N9D9Y52FAG;
				INFOPLIST_FILE = TPNavBarParallaxViewController/Info.plist;
				LD_RUNPATH_SEARCH_PATHS = "$(inherited) @executable_path/Frameworks";
				PRODUCT_BUNDLE_IDENTIFIER = com.tpphha.www.TPNavBarParallaxViewController;
				PRODUCT_NAME = "$(TARGET_NAME)";
			};
			name = Debug;
		};
		F08F1AC41EE98AAD00E2F480 /* Release */ = {
			isa = XCBuildConfiguration;
			baseConfigurationReference = 5E4DF61BEF0D5F6758FDB9C3 /* Pods-TPNavBarParallaxViewController.release.xcconfig */;
			buildSettings = {
				ASSETCATALOG_COMPILER_APPICON_NAME = AppIcon;
				DEVELOPMENT_TEAM = N9D9Y52FAG;
				INFOPLIST_FILE = TPNavBarParallaxViewController/Info.plist;
				LD_RUNPATH_SEARCH_PATHS = "$(inherited) @executable_path/Frameworks";
				PRODUCT_BUNDLE_IDENTIFIER = com.tpphha.www.TPNavBarParallaxViewController;
				PRODUCT_NAME = "$(TARGET_NAME)";
			};
			name = Release;
		};
/* End XCBuildConfiguration section */

/* Begin XCConfigurationList section */
		F08F1AA61EE98AAD00E2F480 /* Build configuration list for PBXProject "TPNavBarParallaxViewController" */ = {
			isa = XCConfigurationList;
			buildConfigurations = (
				F08F1AC01EE98AAD00E2F480 /* Debug */,
				F08F1AC11EE98AAD00E2F480 /* Release */,
			);
			defaultConfigurationIsVisible = 0;
			defaultConfigurationName = Release;
		};
		F08F1AC21EE98AAD00E2F480 /* Build configuration list for PBXNativeTarget "TPNavBarParallaxViewController" */ = {
			isa = XCConfigurationList;
			buildConfigurations = (
				F08F1AC31EE98AAD00E2F480 /* Debug */,
				F08F1AC41EE98AAD00E2F480 /* Release */,
			);
			defaultConfigurationIsVisible = 0;
			defaultConfigurationName = Release;
		};
/* End XCConfigurationList section */
	};
	rootObject = F08F1AA31EE98AAD00E2F480 /* Project object */;
}
